
Microsoft Visual Studio Solution File, Format Version 12.00
# Visual Studio Version 16
VisualStudioVersion = 16.0.32126.315
MinimumVisualStudioVersion = 10.0.40219.1
Project("{FAE04EC0-301F-11D3-BF4B-00C04F79EFBC}") = "AgendaTarefas", "AgendaTarefas\AgendaTarefas.csproj", "{D31B8B3A-785F-49E3-BB05-467A4DC6ACBE}"
EndProject
Global
	GlobalSection(SolutionConfigurationPlatforms) = preSolution
		Debug|Any CPU = Debug|Any CPU
		Release|Any CPU = Release|Any CPU
	EndGlobalSection
	GlobalSection(ProjectConfigurationPlatforms) = postSolution
		{D31B8B3A-785F-49E3-BB05-467A4DC6ACBE}.Debug|Any CPU.ActiveCfg = Debug|Any CPU
		{D31B8B3A-785F-49E3-BB05-467A4DC6ACBE}.Debug|Any CPU.Build.0 = Debug|Any CPU
		{D31B8B3A-785F-49E3-BB05-467A4DC6ACBE}.Release|Any CPU.ActiveCfg = Release|Any CPU
		{D31B8B3A-785F-49E3-BB05-467A4DC6ACBE}.Release|Any CPU.Build.0 = Release|Any CPU
	EndGlobalSection
	GlobalSection(SolutionProperties) = preSolution
		HideSolutionNode = FALSE
	EndGlobalSection
	GlobalSection(ExtensibilityGlobals) = postSolution
		SolutionGuid = {67D6FE1B-0D67-40E7-80E7-A6EDB1BF0EDD}
	EndGlobalSection
EndGlobal
